
Microsoft Visual Studio Solution File, Format Version 12.00
Project("{FAE04EC0-301F-11D3-BF4B-00C04F79EFBC}") = "ServiceBusBridge", "ServiceBusBridge\ServiceBusBridge.csproj", "{9CA275E9-0A1C-4FFF-BB94-EBBFEBBB1E13}"
EndProject
Project("{2150E333-8FDC-42A3-9474-1A3956D46DE8}") = "Testing", "Testing", "{41C1ED01-536E-4F7A-A78A-BF65EE5C2FD9}"
EndProject
Project("{FAE04EC0-301F-11D3-BF4B-00C04F79EFBC}") = "KafkaProducer", "KafkaProducer\KafkaProducer.csproj", "{1221C3C6-78A6-4416-ABCE-DA3FB6F6E348}"
EndProject
Project("{FAE04EC0-301F-11D3-BF4B-00C04F79EFBC}") = "EventModels", "EventModels\EventModels.csproj", "{0C111D82-76F6-484A-99EB-A8A355BCFBB4}"
EndProject
Project("{FAE04EC0-301F-11D3-BF4B-00C04F79EFBC}") = "BackingServices", "BackingServices\BackingServices.csproj", "{FFAB378E-F19A-4D13-85FF-E645D9E7D706}"
EndProject
Project("{2150E333-8FDC-42A3-9474-1A3956D46DE8}") = "Solution Items", "Solution Items", "{C3E78BE9-B5CA-4F8D-8E4A-D47FC7FFAA10}"
	ProjectSection(SolutionItems) = preProject
		manifesto.md = manifesto.md
		README.md = README.md
	EndProjectSection
EndProject
Global
	GlobalSection(SolutionConfigurationPlatforms) = preSolution
		Debug|Any CPU = Debug|Any CPU
		Release|Any CPU = Release|Any CPU
	EndGlobalSection
	GlobalSection(ProjectConfigurationPlatforms) = postSolution
		{9CA275E9-0A1C-4FFF-BB94-EBBFEBBB1E13}.Debug|Any CPU.ActiveCfg = Debug|Any CPU
		{9CA275E9-0A1C-4FFF-BB94-EBBFEBBB1E13}.Debug|Any CPU.Build.0 = Debug|Any CPU
		{9CA275E9-0A1C-4FFF-BB94-EBBFEBBB1E13}.Release|Any CPU.ActiveCfg = Release|Any CPU
		{9CA275E9-0A1C-4FFF-BB94-EBBFEBBB1E13}.Release|Any CPU.Build.0 = Release|Any CPU
		{1221C3C6-78A6-4416-ABCE-DA3FB6F6E348}.Debug|Any CPU.ActiveCfg = Debug|Any CPU
		{1221C3C6-78A6-4416-ABCE-DA3FB6F6E348}.Debug|Any CPU.Build.0 = Debug|Any CPU
		{1221C3C6-78A6-4416-ABCE-DA3FB6F6E348}.Release|Any CPU.ActiveCfg = Release|Any CPU
		{1221C3C6-78A6-4416-ABCE-DA3FB6F6E348}.Release|Any CPU.Build.0 = Release|Any CPU
		{0C111D82-76F6-484A-99EB-A8A355BCFBB4}.Debug|Any CPU.ActiveCfg = Debug|Any CPU
		{0C111D82-76F6-484A-99EB-A8A355BCFBB4}.Debug|Any CPU.Build.0 = Debug|Any CPU
		{0C111D82-76F6-484A-99EB-A8A355BCFBB4}.Release|Any CPU.ActiveCfg = Release|Any CPU
		{0C111D82-76F6-484A-99EB-A8A355BCFBB4}.Release|Any CPU.Build.0 = Release|Any CPU
		{FFAB378E-F19A-4D13-85FF-E645D9E7D706}.Debug|Any CPU.ActiveCfg = Debug|Any CPU
		{FFAB378E-F19A-4D13-85FF-E645D9E7D706}.Debug|Any CPU.Build.0 = Debug|Any CPU
		{FFAB378E-F19A-4D13-85FF-E645D9E7D706}.Release|Any CPU.ActiveCfg = Release|Any CPU
		{FFAB378E-F19A-4D13-85FF-E645D9E7D706}.Release|Any CPU.Build.0 = Release|Any CPU
	EndGlobalSection
	GlobalSection(NestedProjects) = preSolution
		{1221C3C6-78A6-4416-ABCE-DA3FB6F6E348} = {41C1ED01-536E-4F7A-A78A-BF65EE5C2FD9}
	EndGlobalSection
EndGlobal
